// !$*UTF8*$!
{
	archiveVersion = 1;
	classes = {
	};
	objectVersion = 56;
	objects = {

/* Begin PBXBuildFile section */
		4285A65E2AFC5C45008344EE /* Otpvalidation.swift in Sources */ = {isa = PBXBuildFile; fileRef = 4285A65D2AFC5C45008344EE /* Otpvalidation.swift */; };
		4285A6602AFC6CE5008344EE /* Resetpassword.swift in Sources */ = {isa = PBXBuildFile; fileRef = 4285A65F2AFC6CE5008344EE /* Resetpassword.swift */; };
		429E7C0D2B06CFC6005C9DA8 /* user.swift in Sources */ = {isa = PBXBuildFile; fileRef = 429E7C0C2B06CFC6005C9DA8 /* user.swift */; };
		429E7C102B06D136005C9DA8 /* Alamofire in Frameworks */ = {isa = PBXBuildFile; productRef = 429E7C0F2B06D136005C9DA8 /* Alamofire */; };
		4A7140332AFAE5B100F0FF83 /* userinterfaceApp.swift in Sources */ = {isa = PBXBuildFile; fileRef = 4A7140322AFAE5B100F0FF83 /* userinterfaceApp.swift */; };
		4A7140352AFAE5B100F0FF83 /* ContentView.swift in Sources */ = {isa = PBXBuildFile; fileRef = 4A7140342AFAE5B100F0FF83 /* ContentView.swift */; };
		4A7140372AFAE5B200F0FF83 /* Assets.xcassets in Resources */ = {isa = PBXBuildFile; fileRef = 4A7140362AFAE5B200F0FF83 /* Assets.xcassets */; };
		4A71403A2AFAE5B200F0FF83 /* Preview Assets.xcassets in Resources */ = {isa = PBXBuildFile; fileRef = 4A7140392AFAE5B200F0FF83 /* Preview Assets.xcassets */; };
		4A71403C2AFAE5B200F0FF83 /* Persistence.swift in Sources */ = {isa = PBXBuildFile; fileRef = 4A71403B2AFAE5B200F0FF83 /* Persistence.swift */; };
		4A71403F2AFAE5B200F0FF83 /* userinterface.xcdatamodeld in Sources */ = {isa = PBXBuildFile; fileRef = 4A71403D2AFAE5B200F0FF83 /* userinterface.xcdatamodeld */; };
		4A7140492AFAF5DE00F0FF83 /* Signin.swift in Sources */ = {isa = PBXBuildFile; fileRef = 4A7140482AFAF5DE00F0FF83 /* Signin.swift */; };
		4A71404F2AFB0D1800F0FF83 /* ForgetPassword.swift in Sources */ = {isa = PBXBuildFile; fileRef = 4A71404E2AFB0D1800F0FF83 /* ForgetPassword.swift */; };
		4A7C1E182B0430AC00EF2C27 /* Profilview.swift in Sources */ = {isa = PBXBuildFile; fileRef = 4A7C1E172B0430AC00EF2C27 /* Profilview.swift */; };
		4A7C1E1C2B04475600EF2C27 /* camerabutton.swift in Sources */ = {isa = PBXBuildFile; fileRef = 4A7C1E1B2B04475600EF2C27 /* camerabutton.swift */; };
		4A7C1E1E2B04548C00EF2C27 /* PhotoPicker.swift in Sources */ = {isa = PBXBuildFile; fileRef = 4A7C1E1D2B04548C00EF2C27 /* PhotoPicker.swift */; };
		58300DBC2AFD8DB3007158B9 /* Profil.swift in Sources */ = {isa = PBXBuildFile; fileRef = 58300DBB2AFD8DB3007158B9 /* Profil.swift */; };
		880373542B04164B0044A29B /* Details.swift in Sources */ = {isa = PBXBuildFile; fileRef = 880373532B04164B0044A29B /* Details.swift */; };
		880373562B0416DE0044A29B /* Editbtn.swift in Sources */ = {isa = PBXBuildFile; fileRef = 880373552B0416DE0044A29B /* Editbtn.swift */; };
		C408FC212B05AE7F00A7014D /* edit.swift in Sources */ = {isa = PBXBuildFile; fileRef = C408FC202B05AE7F00A7014D /* edit.swift */; };
/* End PBXBuildFile section */

/* Begin PBXFileReference section */
		4285A65D2AFC5C45008344EE /* Otpvalidation.swift */ = {isa = PBXFileReference; lastKnownFileType = sourcecode.swift; path = Otpvalidation.swift; sourceTree = "<group>"; };
		4285A65F2AFC6CE5008344EE /* Resetpassword.swift */ = {isa = PBXFileReference; lastKnownFileType = sourcecode.swift; path = Resetpassword.swift; sourceTree = "<group>"; };
		429E7C0C2B06CFC6005C9DA8 /* user.swift */ = {isa = PBXFileReference; lastKnownFileType = sourcecode.swift; path = user.swift; sourceTree = "<group>"; };
		429E7C112B070C73005C9DA8 /* Info.plist */ = {isa = PBXFileReference; lastKnownFileType = text.plist; path = Info.plist; sourceTree = "<group>"; };
		4A71402F2AFAE5B100F0FF83 /* userinterface.app */ = {isa = PBXFileReference; explicitFileType = wrapper.application; includeInIndex = 0; path = userinterface.app; sourceTree = BUILT_PRODUCTS_DIR; };
		4A7140322AFAE5B100F0FF83 /* userinterfaceApp.swift */ = {isa = PBXFileReference; lastKnownFileType = sourcecode.swift; path = userinterfaceApp.swift; sourceTree = "<group>"; };
		4A7140342AFAE5B100F0FF83 /* ContentView.swift */ = {isa = PBXFileReference; lastKnownFileType = sourcecode.swift; path = ContentView.swift; sourceTree = "<group>"; };
		4A7140362AFAE5B200F0FF83 /* Assets.xcassets */ = {isa = PBXFileReference; lastKnownFileType = folder.assetcatalog; path = Assets.xcassets; sourceTree = "<group>"; };
		4A7140392AFAE5B200F0FF83 /* Preview Assets.xcassets */ = {isa = PBXFileReference; lastKnownFileType = folder.assetcatalog; path = "Preview Assets.xcassets"; sourceTree = "<group>"; };
		4A71403B2AFAE5B200F0FF83 /* Persistence.swift */ = {isa = PBXFileReference; lastKnownFileType = sourcecode.swift; path = Persistence.swift; sourceTree = "<group>"; };
		4A71403E2AFAE5B200F0FF83 /* userinterface.xcdatamodel */ = {isa = PBXFileReference; lastKnownFileType = wrapper.xcdatamodel; path = userinterface.xcdatamodel; sourceTree = "<group>"; };
		4A7140482AFAF5DE00F0FF83 /* Signin.swift */ = {isa = PBXFileReference; lastKnownFileType = sourcecode.swift; path = Signin.swift; sourceTree = "<group>"; };
		4A71404E2AFB0D1800F0FF83 /* ForgetPassword.swift */ = {isa = PBXFileReference; lastKnownFileType = sourcecode.swift; path = ForgetPassword.swift; sourceTree = "<group>"; };
		4A7C1E172B0430AC00EF2C27 /* Profilview.swift */ = {isa = PBXFileReference; lastKnownFileType = sourcecode.swift; path = Profilview.swift; sourceTree = "<group>"; };
		4A7C1E1B2B04475600EF2C27 /* camerabutton.swift */ = {isa = PBXFileReference; lastKnownFileType = sourcecode.swift; path = camerabutton.swift; sourceTree = "<group>"; };
		4A7C1E1D2B04548C00EF2C27 /* PhotoPicker.swift */ = {isa = PBXFileReference; lastKnownFileType = sourcecode.swift; path = PhotoPicker.swift; sourceTree = "<group>"; };
		58300DBB2AFD8DB3007158B9 /* Profil.swift */ = {isa = PBXFileReference; lastKnownFileType = sourcecode.swift; path = Profil.swift; sourceTree = "<group>"; };
		880373532B04164B0044A29B /* Details.swift */ = {isa = PBXFileReference; lastKnownFileType = sourcecode.swift; path = Details.swift; sourceTree = "<group>"; };
		880373552B0416DE0044A29B /* Editbtn.swift */ = {isa = PBXFileReference; lastKnownFileType = sourcecode.swift; path = Editbtn.swift; sourceTree = "<group>"; };
		C408FC202B05AE7F00A7014D /* edit.swift */ = {isa = PBXFileReference; lastKnownFileType = sourcecode.swift; path = edit.swift; sourceTree = "<group>"; };
/* End PBXFileReference section */

/* Begin PBXFrameworksBuildPhase section */
		4A71402C2AFAE5B100F0FF83 /* Frameworks */ = {
			isa = PBXFrameworksBuildPhase;
			buildActionMask = 2147483647;
			files = (
				429E7C102B06D136005C9DA8 /* Alamofire in Frameworks */,
			);
			runOnlyForDeploymentPostprocessing = 0;
		};
/* End PBXFrameworksBuildPhase section */

/* Begin PBXGroup section */
		429E7C0B2B06CFA0005C9DA8 /* Modal */ = {
			isa = PBXGroup;
			children = (
				429E7C0C2B06CFC6005C9DA8 /* user.swift */,
			);
			path = Modal;
			sourceTree = "<group>";
		};
		4A7140262AFAE5B100F0FF83 = {
			isa = PBXGroup;
			children = (
				4A7140312AFAE5B100F0FF83 /* userinterface */,
				4A7140302AFAE5B100F0FF83 /* Products */,
			);
			sourceTree = "<group>";
		};
		4A7140302AFAE5B100F0FF83 /* Products */ = {
			isa = PBXGroup;
			children = (
				4A71402F2AFAE5B100F0FF83 /* userinterface.app */,
			);
			name = Products;
			sourceTree = "<group>";
		};
		4A7140312AFAE5B100F0FF83 /* userinterface */ = {
			isa = PBXGroup;
			children = (
				429E7C112B070C73005C9DA8 /* Info.plist */,
				429E7C0B2B06CFA0005C9DA8 /* Modal */,
				4A7140322AFAE5B100F0FF83 /* userinterfaceApp.swift */,
				4A7140342AFAE5B100F0FF83 /* ContentView.swift */,
				4A7140482AFAF5DE00F0FF83 /* Signin.swift */,
				58300DBB2AFD8DB3007158B9 /* Profil.swift */,
				880373532B04164B0044A29B /* Details.swift */,
				C408FC202B05AE7F00A7014D /* edit.swift */,
				4285A65F2AFC6CE5008344EE /* Resetpassword.swift */,
				4285A65D2AFC5C45008344EE /* Otpvalidation.swift */,
				4A7140362AFAE5B200F0FF83 /* Assets.xcassets */,
				4A71403B2AFAE5B200F0FF83 /* Persistence.swift */,
				4A71403D2AFAE5B200F0FF83 /* userinterface.xcdatamodeld */,
				4A7140382AFAE5B200F0FF83 /* Preview Content */,
				880373552B0416DE0044A29B /* Editbtn.swift */,
				4A7C1E172B0430AC00EF2C27 /* Profilview.swift */,
				4A7C1E1B2B04475600EF2C27 /* camerabutton.swift */,
				4A7C1E1D2B04548C00EF2C27 /* PhotoPicker.swift */,
			);
			path = userinterface;
			sourceTree = "<group>";
		};
		4A7140382AFAE5B200F0FF83 /* Preview Content */ = {
			isa = PBXGroup;
			children = (
				4A71404E2AFB0D1800F0FF83 /* ForgetPassword.swift */,
				4A7140392AFAE5B200F0FF83 /* Preview Assets.xcassets */,
			);
			path = "Preview Content";
			sourceTree = "<group>";
		};
/* End PBXGroup section */

/* Begin PBXNativeTarget section */
		4A71402E2AFAE5B100F0FF83 /* userinterface */ = {
			isa = PBXNativeTarget;
			buildConfigurationList = 4A7140422AFAE5B200F0FF83 /* Build configuration list for PBXNativeTarget "userinterface" */;
			buildPhases = (
				4A71402B2AFAE5B100F0FF83 /* Sources */,
				4A71402C2AFAE5B100F0FF83 /* Frameworks */,
				4A71402D2AFAE5B100F0FF83 /* Resources */,
			);
			buildRules = (
			);
			dependencies = (
			);
			name = userinterface;
			packageProductDependencies = (
				429E7C0F2B06D136005C9DA8 /* Alamofire */,
			);
			productName = userinterface;
			productReference = 4A71402F2AFAE5B100F0FF83 /* userinterface.app */;
			productType = "com.apple.product-type.application";
		};
/* End PBXNativeTarget section */

/* Begin PBXProject section */
		4A7140272AFAE5B100F0FF83 /* Project object */ = {
			isa = PBXProject;
			attributes = {
				BuildIndependentTargetsInParallel = 1;
				LastSwiftUpdateCheck = 1410;
				LastUpgradeCheck = 1410;
				TargetAttributes = {
					4A71402E2AFAE5B100F0FF83 = {
						CreatedOnToolsVersion = 14.1;
					};
				};
			};
			buildConfigurationList = 4A71402A2AFAE5B100F0FF83 /* Build configuration list for PBXProject "userinterface" */;
			compatibilityVersion = "Xcode 14.0";
			developmentRegion = en;
			hasScannedForEncodings = 0;
			knownRegions = (
				en,
				Base,
			);
			mainGroup = 4A7140262AFAE5B100F0FF83;
			packageReferences = (
				429E7C0E2B06D136005C9DA8 /* XCRemoteSwiftPackageReference "Alamofire" */,
			);
			productRefGroup = 4A7140302AFAE5B100F0FF83 /* Products */;
			projectDirPath = "";
			projectRoot = "";
			targets = (
				4A71402E2AFAE5B100F0FF83 /* userinterface */,
			);
		};
/* End PBXProject section */

/* Begin PBXResourcesBuildPhase section */
		4A71402D2AFAE5B100F0FF83 /* Resources */ = {
			isa = PBXResourcesBuildPhase;
			buildActionMask = 2147483647;
			files = (
				4A71403A2AFAE5B200F0FF83 /* Preview Assets.xcassets in Resources */,
				4A7140372AFAE5B200F0FF83 /* Assets.xcassets in Resources */,
			);
			runOnlyForDeploymentPostprocessing = 0;
		};
/* End PBXResourcesBuildPhase section */

/* Begin PBXSourcesBuildPhase section */
		4A71402B2AFAE5B100F0FF83 /* Sources */ = {
			isa = PBXSourcesBuildPhase;
			buildActionMask = 2147483647;
			files = (
				4A7C1E1C2B04475600EF2C27 /* camerabutton.swift in Sources */,
				4285A65E2AFC5C45008344EE /* Otpvalidation.swift in Sources */,
				4A71403C2AFAE5B200F0FF83 /* Persistence.swift in Sources */,
				4A7C1E1E2B04548C00EF2C27 /* PhotoPicker.swift in Sources */,
				429E7C0D2B06CFC6005C9DA8 /* user.swift in Sources */,
				C408FC212B05AE7F00A7014D /* edit.swift in Sources */,
				4A7C1E182B0430AC00EF2C27 /* Profilview.swift in Sources */,
				4A7140492AFAF5DE00F0FF83 /* Signin.swift in Sources */,
				4A7140352AFAE5B100F0FF83 /* ContentView.swift in Sources */,
				4285A6602AFC6CE5008344EE /* Resetpassword.swift in Sources */,
				880373562B0416DE0044A29B /* Editbtn.swift in Sources */,
				4A71404F2AFB0D1800F0FF83 /* ForgetPassword.swift in Sources */,
				880373542B04164B0044A29B /* Details.swift in Sources */,
				4A71403F2AFAE5B200F0FF83 /* userinterface.xcdatamodeld in Sources */,
				58300DBC2AFD8DB3007158B9 /* Profil.swift in Sources */,
				4A7140332AFAE5B100F0FF83 /* userinterfaceApp.swift in Sources */,
			);
			runOnlyForDeploymentPostprocessing = 0;
		};
/* End PBXSourcesBuildPhase section */

/* Begin XCBuildConfiguration section */
		4A7140402AFAE5B200F0FF83 /* Debug */ = {
			isa = XCBuildConfiguration;
			buildSettings = {
				ALWAYS_SEARCH_USER_PATHS = NO;
				CLANG_ANALYZER_NONNULL = YES;
				CLANG_ANALYZER_NUMBER_OBJECT_CONVERSION = YES_AGGRESSIVE;
				CLANG_CXX_LANGUAGE_STANDARD = "gnu++20";
				CLANG_ENABLE_MODULES = YES;
				CLANG_ENABLE_OBJC_ARC = YES;
				CLANG_ENABLE_OBJC_WEAK = YES;
				CLANG_WARN_BLOCK_CAPTURE_AUTORELEASING = YES;
				CLANG_WARN_BOOL_CONVERSION = YES;
				CLANG_WARN_COMMA = YES;
				CLANG_WARN_CONSTANT_CONVERSION = YES;
				CLANG_WARN_DEPRECATED_OBJC_IMPLEMENTATIONS = YES;
				CLANG_WARN_DIRECT_OBJC_ISA_USAGE = YES_ERROR;
				CLANG_WARN_DOCUMENTATION_COMMENTS = YES;
				CLANG_WARN_EMPTY_BODY = YES;
				CLANG_WARN_ENUM_CONVERSION = YES;
				CLANG_WARN_INFINITE_RECURSION = YES;
				CLANG_WARN_INT_CONVERSION = YES;
				CLANG_WARN_NON_LITERAL_NULL_CONVERSION = YES;
				CLANG_WARN_OBJC_IMPLICIT_RETAIN_SELF = YES;
				CLANG_WARN_OBJC_LITERAL_CONVERSION = YES;
				CLANG_WARN_OBJC_ROOT_CLASS = YES_ERROR;
				CLANG_WARN_QUOTED_INCLUDE_IN_FRAMEWORK_HEADER = YES;
				CLANG_WARN_RANGE_LOOP_ANALYSIS = YES;
				CLANG_WARN_STRICT_PROTOTYPES = YES;
				CLANG_WARN_SUSPICIOUS_MOVE = YES;
				CLANG_WARN_UNGUARDED_AVAILABILITY = YES_AGGRESSIVE;
				CLANG_WARN_UNREACHABLE_CODE = YES;
				CLANG_WARN__DUPLICATE_METHOD_MATCH = YES;
				COPY_PHASE_STRIP = NO;
				DEBUG_INFORMATION_FORMAT = dwarf;
				ENABLE_STRICT_OBJC_MSGSEND = YES;
				ENABLE_TESTABILITY = YES;
				GCC_C_LANGUAGE_STANDARD = gnu11;
				GCC_DYNAMIC_NO_PIC = NO;
				GCC_NO_COMMON_BLOCKS = YES;
				GCC_OPTIMIZATION_LEVEL = 0;
				GCC_PREPROCESSOR_DEFINITIONS = (
					"DEBUG=1",
					"$(inherited)",
				);
				GCC_WARN_64_TO_32_BIT_CONVERSION = YES;
				GCC_WARN_ABOUT_RETURN_TYPE = YES_ERROR;
				GCC_WARN_UNDECLARED_SELECTOR = YES;
				GCC_WARN_UNINITIALIZED_AUTOS = YES_AGGRESSIVE;
				GCC_WARN_UNUSED_FUNCTION = YES;
				GCC_WARN_UNUSED_VARIABLE = YES;
				IPHONEOS_DEPLOYMENT_TARGET = 16.0;
				MTL_ENABLE_DEBUG_INFO = INCLUDE_SOURCE;
				MTL_FAST_MATH = YES;
				ONLY_ACTIVE_ARCH = YES;
				SDKROOT = iphoneos;
				SWIFT_ACTIVE_COMPILATION_CONDITIONS = DEBUG;
				SWIFT_OPTIMIZATION_LEVEL = "-Onone";
			};
			name = Debug;
		};
		4A7140412AFAE5B200F0FF83 /* Release */ = {
			isa = XCBuildConfiguration;
			buildSettings = {
				ALWAYS_SEARCH_USER_PATHS = NO;
				CLANG_ANALYZER_NONNULL = YES;
				CLANG_ANALYZER_NUMBER_OBJECT_CONVERSION = YES_AGGRESSIVE;
				CLANG_CXX_LANGUAGE_STANDARD = "gnu++20";
				CLANG_ENABLE_MODULES = YES;
				CLANG_ENABLE_OBJC_ARC = YES;
				CLANG_ENABLE_OBJC_WEAK = YES;
				CLANG_WARN_BLOCK_CAPTURE_AUTORELEASING = YES;
				CLANG_WARN_BOOL_CONVERSION = YES;
				CLANG_WARN_COMMA = YES;
				CLANG_WARN_CONSTANT_CONVERSION = YES;
				CLANG_WARN_DEPRECATED_OBJC_IMPLEMENTATIONS = YES;
				CLANG_WARN_DIRECT_OBJC_ISA_USAGE = YES_ERROR;
				CLANG_WARN_DOCUMENTATION_COMMENTS = YES;
				CLANG_WARN_EMPTY_BODY = YES;
				CLANG_WARN_ENUM_CONVERSION = YES;
				CLANG_WARN_INFINITE_RECURSION = YES;
				CLANG_WARN_INT_CONVERSION = YES;
				CLANG_WARN_NON_LITERAL_NULL_CONVERSION = YES;
				CLANG_WARN_OBJC_IMPLICIT_RETAIN_SELF = YES;
				CLANG_WARN_OBJC_LITERAL_CONVERSION = YES;
				CLANG_WARN_OBJC_ROOT_CLASS = YES_ERROR;
				CLANG_WARN_QUOTED_INCLUDE_IN_FRAMEWORK_HEADER = YES;
				CLANG_WARN_RANGE_LOOP_ANALYSIS = YES;
				CLANG_WARN_STRICT_PROTOTYPES = YES;
				CLANG_WARN_SUSPICIOUS_MOVE = YES;
				CLANG_WARN_UNGUARDED_AVAILABILITY = YES_AGGRESSIVE;
				CLANG_WARN_UNREACHABLE_CODE = YES;
				CLANG_WARN__DUPLICATE_METHOD_MATCH = YES;
				COPY_PHASE_STRIP = NO;
				DEBUG_INFORMATION_FORMAT = "dwarf-with-dsym";
				ENABLE_NS_ASSERTIONS = NO;
				ENABLE_STRICT_OBJC_MSGSEND = YES;
				GCC_C_LANGUAGE_STANDARD = gnu11;
				GCC_NO_COMMON_BLOCKS = YES;
				GCC_WARN_64_TO_32_BIT_CONVERSION = YES;
				GCC_WARN_ABOUT_RETURN_TYPE = YES_ERROR;
				GCC_WARN_UNDECLARED_SELECTOR = YES;
				GCC_WARN_UNINITIALIZED_AUTOS = YES_AGGRESSIVE;
				GCC_WARN_UNUSED_FUNCTION = YES;
				GCC_WARN_UNUSED_VARIABLE = YES;
				IPHONEOS_DEPLOYMENT_TARGET = 16.0;
				MTL_ENABLE_DEBUG_INFO = NO;
				MTL_FAST_MATH = YES;
				SDKROOT = iphoneos;
				SWIFT_COMPILATION_MODE = wholemodule;
				SWIFT_OPTIMIZATION_LEVEL = "-O";
				VALIDATE_PRODUCT = YES;
			};
			name = Release;
		};
		4A7140432AFAE5B200F0FF83 /* Debug */ = {
			isa = XCBuildConfiguration;
			buildSettings = {
				ASSETCATALOG_COMPILER_APPICON_NAME = AppIcon;
				ASSETCATALOG_COMPILER_GLOBAL_ACCENT_COLOR_NAME = AccentColor;
				CODE_SIGN_STYLE = Automatic;
				CURRENT_PROJECT_VERSION = 1;
				DEVELOPMENT_ASSET_PATHS = "\"userinterface/Preview Content\"";
				DEVELOPMENT_TEAM = "";
				ENABLE_PREVIEWS = YES;
				GENERATE_INFOPLIST_FILE = YES;
				INFOPLIST_FILE = userinterface/Info.plist;
				INFOPLIST_KEY_NSCameraUsageDescription = "Your app needs access to the camera to capture photos.";
				INFOPLIST_KEY_NSFaceIDUsageDescription = "Your reason for requesting Face ID authentication";
				INFOPLIST_KEY_UIApplicationSceneManifest_Generation = YES;
				INFOPLIST_KEY_UIApplicationSupportsIndirectInputEvents = YES;
				INFOPLIST_KEY_UILaunchScreen_Generation = YES;
				INFOPLIST_KEY_UISupportedInterfaceOrientations_iPad = "UIInterfaceOrientationPortrait UIInterfaceOrientationPortraitUpsideDown UIInterfaceOrientationLandscapeLeft UIInterfaceOrientationLandscapeRight";
				INFOPLIST_KEY_UISupportedInterfaceOrientations_iPhone = "UIInterfaceOrientationPortrait UIInterfaceOrientationLandscapeLeft UIInterfaceOrientationLandscapeRight";
				IPHONEOS_DEPLOYMENT_TARGET = 16.0;
				LD_RUNPATH_SEARCH_PATHS = (
					"$(inherited)",
					"@executable_path/Frameworks",
				);
				MARKETING_VERSION = 1.0;
				PRODUCT_BUNDLE_IDENTIFIER = tn.esprit.userinterface;
				PRODUCT_NAME = "$(TARGET_NAME)";
				SWIFT_EMIT_LOC_STRINGS = YES;
				SWIFT_VERSION = 5.0;
				TARGETED_DEVICE_FAMILY = "1,2";
			};
			name = Debug;
		};
		4A7140442AFAE5B200F0FF83 /* Release */ = {
			isa = XCBuildConfiguration;
			buildSettings = {
				ASSETCATALOG_COMPILER_APPICON_NAME = AppIcon;
				ASSETCATALOG_COMPILER_GLOBAL_ACCENT_COLOR_NAME = AccentColor;
				CODE_SIGN_STYLE = Automatic;
				CURRENT_PROJECT_VERSION = 1;
				DEVELOPMENT_ASSET_PATHS = "\"userinterface/Preview Content\"";
				DEVELOPMENT_TEAM = "";
				ENABLE_PREVIEWS = YES;
				GENERATE_INFOPLIST_FILE = YES;
				INFOPLIST_FILE = userinterface/Info.plist;
				INFOPLIST_KEY_NSCameraUsageDescription = "Your app needs access to the camera to capture photos.";
				INFOPLIST_KEY_NSFaceIDUsageDescription = "Your reason for requesting Face ID authentication";
				INFOPLIST_KEY_UIApplicationSceneManifest_Generation = YES;
				INFOPLIST_KEY_UIApplicationSupportsIndirectInputEvents = YES;
				INFOPLIST_KEY_UILaunchScreen_Generation = YES;
				INFOPLIST_KEY_UISupportedInterfaceOrientations_iPad = "UIInterfaceOrientationPortrait UIInterfaceOrientationPortraitUpsideDown UIInterfaceOrientationLandscapeLeft UIInterfaceOrientationLandscapeRight";
				INFOPLIST_KEY_UISupportedInterfaceOrientations_iPhone = "UIInterfaceOrientationPortrait UIInterfaceOrientationLandscapeLeft UIInterfaceOrientationLandscapeRight";
				IPHONEOS_DEPLOYMENT_TARGET = 16.0;
				LD_RUNPATH_SEARCH_PATHS = (
					"$(inherited)",
					"@executable_path/Frameworks",
				);
				MARKETING_VERSION = 1.0;
				PRODUCT_BUNDLE_IDENTIFIER = tn.esprit.userinterface;
				PRODUCT_NAME = "$(TARGET_NAME)";
				SWIFT_EMIT_LOC_STRINGS = YES;
				SWIFT_VERSION = 5.0;
				TARGETED_DEVICE_FAMILY = "1,2";
			};
			name = Release;
		};
/* End XCBuildConfiguration section */

/* Begin XCConfigurationList section */
		4A71402A2AFAE5B100F0FF83 /* Build configuration list for PBXProject "userinterface" */ = {
			isa = XCConfigurationList;
			buildConfigurations = (
				4A7140402AFAE5B200F0FF83 /* Debug */,
				4A7140412AFAE5B200F0FF83 /* Release */,
			);
			defaultConfigurationIsVisible = 0;
			defaultConfigurationName = Release;
		};
		4A7140422AFAE5B200F0FF83 /* Build configuration list for PBXNativeTarget "userinterface" */ = {
			isa = XCConfigurationList;
			buildConfigurations = (
				4A7140432AFAE5B200F0FF83 /* Debug */,
				4A7140442AFAE5B200F0FF83 /* Release */,
			);
			defaultConfigurationIsVisible = 0;
			defaultConfigurationName = Release;
		};
/* End XCConfigurationList section */

/* Begin XCRemoteSwiftPackageReference section */
		429E7C0E2B06D136005C9DA8 /* XCRemoteSwiftPackageReference "Alamofire" */ = {
			isa = XCRemoteSwiftPackageReference;
			repositoryURL = "https://github.com/Alamofire/Alamofire.git";
			requirement = {
				kind = upToNextMajorVersion;
				minimumVersion = 5.8.1;
			};
		};
/* End XCRemoteSwiftPackageReference section */

/* Begin XCSwiftPackageProductDependency section */
		429E7C0F2B06D136005C9DA8 /* Alamofire */ = {
			isa = XCSwiftPackageProductDependency;
			package = 429E7C0E2B06D136005C9DA8 /* XCRemoteSwiftPackageReference "Alamofire" */;
			productName = Alamofire;
		};
/* End XCSwiftPackageProductDependency section */

/* Begin XCVersionGroup section */
		4A71403D2AFAE5B200F0FF83 /* userinterface.xcdatamodeld */ = {
			isa = XCVersionGroup;
			children = (
				4A71403E2AFAE5B200F0FF83 /* userinterface.xcdatamodel */,
			);
			currentVersion = 4A71403E2AFAE5B200F0FF83 /* userinterface.xcdatamodel */;
			path = userinterface.xcdatamodeld;
			sourceTree = "<group>";
			versionGroupType = wrapper.xcdatamodel;
		};
/* End XCVersionGroup section */
	};
	rootObject = 4A7140272AFAE5B100F0FF83 /* Project object */;
}
